github.com/go-telegram/bot v1.22.0 h1:zK29OoTYMmR5emJrCtGa2SjaGleeZiUB/C1i7kc2lXE=
github.com/go-telegram/bot v1.22.0/go.mod h1:i2TRs7fXWIeaceF3z7KzsMt/he0TwkVC680mvdTFYeM=
github.com/ivanizag/iz6502 v1.5.0 h1:hWNfjuZHbSjBZr1lzlFNgF6O1gCI/1NIHaQwa+W2+cQ=
github.com/ivanizag/iz6502 v1.5.0/go.mod h1:h4gbw3IK6WCYawi00kBhQ4ACeQkGWgqbUeAgDaQpy6s=
github.com/ivanizag/izapple2 v0.0.0-20250218104031-a01991dfd2fe h1:Y6+mgj04FNP/qbftZhxrZ/2PwYY2LZttbQqznHQeRJk=
github.com/ivanizag/izapple2 v0.0.0-20250218104031-a01991dfd2fe/go.mod h1:JmfwUw3hRCQ+z+Wf59gEaWKJ4zkMx7Yv6J24tRkVN9c=
github.com/mattn/go-runewidth v0.0.3 h1:a+kO+98RDGEfo6asOGMmpodZq4FNtnGP54yps8BzLR4=
github.com/mattn/go-runewidth v0.0.3/go.mod h1:LwmH8dsx7+W8Uxz3IHJYH5QSwggIsqBzpuz5H//U1FU=
github.com/peterh/liner v1.2.2 h1:aJ4AOodmL+JxOZZEL2u9iJf8omNRpqHc/EbrK+3mAXw=
github.com/peterh/liner v1.2.2/go.mod h1:xFwJyiKIXJZUKItq5dGHZSTBRAuG/CpeNpWLyiNRNwI=
golang.org/x/sys v0.0.0-20211117180635-dee7805ff2e1/go.mod h1:oPkhp1MJrh7nUepCBck5+mAzfO9JrbApNNgaTdGDITg=
golang.org/x/sys v0.29.0 h1:TPYlXGxvx1MGTn2GiZDhnjPA9wZzZeGKHHmKhHYvgaU=
golang.org/x/sys v0.29.0/go.mod h1:/VUhepiaJMQUp4+oa/7Zr1D23ma6VTLIYjOOTFZPUcA=
